// !$*UTF8*$!
{
	archiveVersion = 1;
	classes = {
	};
	objectVersion = 50;
	objects = {

/* Begin PBXBuildFile section */
		872D46A125CA1C4700446CC7 /* customSegmentedControl.swift in Sources */ = {isa = PBXBuildFile; fileRef = 872D46A025CA1C4700446CC7 /* customSegmentedControl.swift */; };
		872D46A425CA1E8800446CC7 /* ReviewCellTableViewCell.swift in Sources */ = {isa = PBXBuildFile; fileRef = 872D46A325CA1E8800446CC7 /* ReviewCellTableViewCell.swift */; };
		8791F45A25C84920006099D2 /* AppDelegate.swift in Sources */ = {isa = PBXBuildFile; fileRef = 8791F45925C84920006099D2 /* AppDelegate.swift */; };
		8791F45C25C84920006099D2 /* SceneDelegate.swift in Sources */ = {isa = PBXBuildFile; fileRef = 8791F45B25C84920006099D2 /* SceneDelegate.swift */; };
		8791F45E25C84920006099D2 /* ReviewsViewController.swift in Sources */ = {isa = PBXBuildFile; fileRef = 8791F45D25C84920006099D2 /* ReviewsViewController.swift */; };
		8791F46125C84920006099D2 /* Main.storyboard in Resources */ = {isa = PBXBuildFile; fileRef = 8791F45F25C84920006099D2 /* Main.storyboard */; };
		8791F46325C84922006099D2 /* Assets.xcassets in Resources */ = {isa = PBXBuildFile; fileRef = 8791F46225C84922006099D2 /* Assets.xcassets */; };
		8791F46625C84922006099D2 /* LaunchScreen.storyboard in Resources */ = {isa = PBXBuildFile; fileRef = 8791F46425C84922006099D2 /* LaunchScreen.storyboard */; };
		8791F47025C880ED006099D2 /* NetworkService.swift in Sources */ = {isa = PBXBuildFile; fileRef = 8791F46F25C880ED006099D2 /* NetworkService.swift */; };
		8791F47525C89762006099D2 /* APIConstants.swift in Sources */ = {isa = PBXBuildFile; fileRef = 8791F47425C89762006099D2 /* APIConstants.swift */; };
		8791F47B25C8AF98006099D2 /* ReviewManager.swift in Sources */ = {isa = PBXBuildFile; fileRef = 8791F47A25C8AF98006099D2 /* ReviewManager.swift */; };
		8791F48425C8D313006099D2 /* CriticManager.swift in Sources */ = {isa = PBXBuildFile; fileRef = 8791F48325C8D313006099D2 /* CriticManager.swift */; };
		8791F48A25C8E716006099D2 /* MainViewController.swift in Sources */ = {isa = PBXBuildFile; fileRef = 8791F48925C8E716006099D2 /* MainViewController.swift */; };
		8791F48D25C8E767006099D2 /* CriticsViewController.swift in Sources */ = {isa = PBXBuildFile; fileRef = 8791F48C25C8E767006099D2 /* CriticsViewController.swift */; };
		87AAB05F25CB156200C0DA28 /* ReviewerStorage.swift in Sources */ = {isa = PBXBuildFile; fileRef = 87AAB05E25CB156200C0DA28 /* ReviewerStorage.swift */; };
		87AAB06225CB38D600C0DA28 /* Extension+UIImage.swift in Sources */ = {isa = PBXBuildFile; fileRef = 87AAB06125CB38D600C0DA28 /* Extension+UIImage.swift */; };
		87AAB06525CB42C200C0DA28 /* DateFormatterExtension.swift in Sources */ = {isa = PBXBuildFile; fileRef = 87AAB06425CB42C200C0DA28 /* DateFormatterExtension.swift */; };
/* End PBXBuildFile section */

/* Begin PBXFileReference section */
		872D46A025CA1C4700446CC7 /* customSegmentedControl.swift */ = {isa = PBXFileReference; fileEncoding = 4; lastKnownFileType = sourcecode.swift; path = customSegmentedControl.swift; sourceTree = "<group>"; };
		872D46A325CA1E8800446CC7 /* ReviewCellTableViewCell.swift */ = {isa = PBXFileReference; lastKnownFileType = sourcecode.swift; path = ReviewCellTableViewCell.swift; sourceTree = "<group>"; };
		8791F45625C84920006099D2 /* LMCTest.app */ = {isa = PBXFileReference; explicitFileType = wrapper.application; includeInIndex = 0; path = LMCTest.app; sourceTree = BUILT_PRODUCTS_DIR; };
		8791F45925C84920006099D2 /* AppDelegate.swift */ = {isa = PBXFileReference; lastKnownFileType = sourcecode.swift; path = AppDelegate.swift; sourceTree = "<group>"; };
		8791F45B25C84920006099D2 /* SceneDelegate.swift */ = {isa = PBXFileReference; lastKnownFileType = sourcecode.swift; path = SceneDelegate.swift; sourceTree = "<group>"; };
		8791F45D25C84920006099D2 /* ReviewsViewController.swift */ = {isa = PBXFileReference; lastKnownFileType = sourcecode.swift; path = ReviewsViewController.swift; sourceTree = "<group>"; };
		8791F46025C84920006099D2 /* Base */ = {isa = PBXFileReference; lastKnownFileType = file.storyboard; name = Base; path = Base.lproj/Main.storyboard; sourceTree = "<group>"; };
		8791F46225C84922006099D2 /* Assets.xcassets */ = {isa = PBXFileReference; lastKnownFileType = folder.assetcatalog; path = Assets.xcassets; sourceTree = "<group>"; };
		8791F46525C84922006099D2 /* Base */ = {isa = PBXFileReference; lastKnownFileType = file.storyboard; name = Base; path = Base.lproj/LaunchScreen.storyboard; sourceTree = "<group>"; };
		8791F46725C84922006099D2 /* Info.plist */ = {isa = PBXFileReference; lastKnownFileType = text.plist.xml; path = Info.plist; sourceTree = "<group>"; };
		8791F46F25C880ED006099D2 /* NetworkService.swift */ = {isa = PBXFileReference; lastKnownFileType = sourcecode.swift; path = NetworkService.swift; sourceTree = "<group>"; };
		8791F47425C89762006099D2 /* APIConstants.swift */ = {isa = PBXFileReference; lastKnownFileType = sourcecode.swift; path = APIConstants.swift; sourceTree = "<group>"; };
		8791F47A25C8AF98006099D2 /* ReviewManager.swift */ = {isa = PBXFileReference; lastKnownFileType = sourcecode.swift; path = ReviewManager.swift; sourceTree = "<group>"; };
		8791F48325C8D313006099D2 /* CriticManager.swift */ = {isa = PBXFileReference; lastKnownFileType = sourcecode.swift; path = CriticManager.swift; sourceTree = "<group>"; };
		8791F48925C8E716006099D2 /* MainViewController.swift */ = {isa = PBXFileReference; lastKnownFileType = sourcecode.swift; path = MainViewController.swift; sourceTree = "<group>"; };
		8791F48C25C8E767006099D2 /* CriticsViewController.swift */ = {isa = PBXFileReference; lastKnownFileType = sourcecode.swift; path = CriticsViewController.swift; sourceTree = "<group>"; };
		87AAB05E25CB156200C0DA28 /* ReviewerStorage.swift */ = {isa = PBXFileReference; lastKnownFileType = sourcecode.swift; path = ReviewerStorage.swift; sourceTree = "<group>"; };
		87AAB06125CB38D600C0DA28 /* Extension+UIImage.swift */ = {isa = PBXFileReference; lastKnownFileType = sourcecode.swift; path = "Extension+UIImage.swift"; sourceTree = "<group>"; };
		87AAB06425CB42C200C0DA28 /* DateFormatterExtension.swift */ = {isa = PBXFileReference; lastKnownFileType = sourcecode.swift; path = DateFormatterExtension.swift; sourceTree = "<group>"; };
/* End PBXFileReference section */

/* Begin PBXFrameworksBuildPhase section */
		8791F45325C84920006099D2 /* Frameworks */ = {
			isa = PBXFrameworksBuildPhase;
			buildActionMask = 2147483647;
			files = (
			);
			runOnlyForDeploymentPostprocessing = 0;
		};
/* End PBXFrameworksBuildPhase section */

/* Begin PBXGroup section */
		872D468D25C9ED8900446CC7 /* Review */ = {
			isa = PBXGroup;
			children = (
				8791F45D25C84920006099D2 /* ReviewsViewController.swift */,
				872D46A325CA1E8800446CC7 /* ReviewCellTableViewCell.swift */,
				87AAB05E25CB156200C0DA28 /* ReviewerStorage.swift */,
			);
			path = Review;
			sourceTree = "<group>";
		};
		872D468E25C9ED9B00446CC7 /* Critic */ = {
			isa = PBXGroup;
			children = (
				8791F48C25C8E767006099D2 /* CriticsViewController.swift */,
			);
			path = Critic;
			sourceTree = "<group>";
		};
		872D468F25C9EDBC00446CC7 /* Application */ = {
			isa = PBXGroup;
			children = (
				872D469625C9EE7800446CC7 /* Contstants */,
				8791F45925C84920006099D2 /* AppDelegate.swift */,
				8791F45B25C84920006099D2 /* SceneDelegate.swift */,
				872D469025C9EDE800446CC7 /* View */,
			);
			path = Application;
			sourceTree = "<group>";
		};
		872D469025C9EDE800446CC7 /* View */ = {
			isa = PBXGroup;
			children = (
				8791F46425C84922006099D2 /* LaunchScreen.storyboard */,
				8791F45F25C84920006099D2 /* Main.storyboard */,
				872D46A025CA1C4700446CC7 /* customSegmentedControl.swift */,
				8791F48925C8E716006099D2 /* MainViewController.swift */,
				87AAB06425CB42C200C0DA28 /* DateFormatterExtension.swift */,
			);
			path = View;
			sourceTree = "<group>";
		};
		872D469625C9EE7800446CC7 /* Contstants */ = {
			isa = PBXGroup;
			children = (
				8791F47425C89762006099D2 /* APIConstants.swift */,
			);
			path = Contstants;
			sourceTree = "<group>";
		};
		8791F44D25C84920006099D2 = {
			isa = PBXGroup;
			children = (
				8791F45825C84920006099D2 /* LMCTest */,
				8791F45725C84920006099D2 /* Products */,
			);
			sourceTree = "<group>";
		};
		8791F45725C84920006099D2 /* Products */ = {
			isa = PBXGroup;
			children = (
				8791F45625C84920006099D2 /* LMCTest.app */,
			);
			name = Products;
			sourceTree = "<group>";
		};
		8791F45825C84920006099D2 /* LMCTest */ = {
			isa = PBXGroup;
			children = (
				872D468F25C9EDBC00446CC7 /* Application */,
				872D468D25C9ED8900446CC7 /* Review */,
				872D468E25C9ED9B00446CC7 /* Critic */,
				8791F47225C880F2006099D2 /* Network */,
				8791F46225C84922006099D2 /* Assets.xcassets */,
				8791F46725C84922006099D2 /* Info.plist */,
			);
			path = LMCTest;
			sourceTree = "<group>";
		};
		8791F47225C880F2006099D2 /* Network */ = {
			isa = PBXGroup;
			children = (
				8791F46F25C880ED006099D2 /* NetworkService.swift */,
				8791F47A25C8AF98006099D2 /* ReviewManager.swift */,
				8791F48325C8D313006099D2 /* CriticManager.swift */,
				87AAB06125CB38D600C0DA28 /* Extension+UIImage.swift */,
			);
			path = Network;
			sourceTree = "<group>";
		};
/* End PBXGroup section */

/* Begin PBXNativeTarget section */
		8791F45525C84920006099D2 /* LMCTest */ = {
			isa = PBXNativeTarget;
			buildConfigurationList = 8791F46A25C84922006099D2 /* Build configuration list for PBXNativeTarget "LMCTest" */;
			buildPhases = (
				8791F45225C84920006099D2 /* Sources */,
				8791F45325C84920006099D2 /* Frameworks */,
				8791F45425C84920006099D2 /* Resources */,
			);
			buildRules = (
			);
			dependencies = (
			);
			name = LMCTest;
			productName = LMCTest;
			productReference = 8791F45625C84920006099D2 /* LMCTest.app */;
			productType = "com.apple.product-type.application";
		};
/* End PBXNativeTarget section */

/* Begin PBXProject section */
		8791F44E25C84920006099D2 /* Project object */ = {
			isa = PBXProject;
			attributes = {
				LastSwiftUpdateCheck = 1230;
				LastUpgradeCheck = 1230;
				TargetAttributes = {
					8791F45525C84920006099D2 = {
						CreatedOnToolsVersion = 12.3;
					};
				};
			};
			buildConfigurationList = 8791F45125C84920006099D2 /* Build configuration list for PBXProject "LMCTest" */;
			compatibilityVersion = "Xcode 9.3";
			developmentRegion = en;
			hasScannedForEncodings = 0;
			knownRegions = (
				en,
				Base,
			);
			mainGroup = 8791F44D25C84920006099D2;
			productRefGroup = 8791F45725C84920006099D2 /* Products */;
			projectDirPath = "";
			projectRoot = "";
			targets = (
				8791F45525C84920006099D2 /* LMCTest */,
			);
		};
/* End PBXProject section */

/* Begin PBXResourcesBuildPhase section */
		8791F45425C84920006099D2 /* Resources */ = {
			isa = PBXResourcesBuildPhase;
			buildActionMask = 2147483647;
			files = (
				8791F46625C84922006099D2 /* LaunchScreen.storyboard in Resources */,
				8791F46325C84922006099D2 /* Assets.xcassets in Resources */,
				8791F46125C84920006099D2 /* Main.storyboard in Resources */,
			);
			runOnlyForDeploymentPostprocessing = 0;
		};
/* End PBXResourcesBuildPhase section */

/* Begin PBXSourcesBuildPhase section */
		8791F45225C84920006099D2 /* Sources */ = {
			isa = PBXSourcesBuildPhase;
			buildActionMask = 2147483647;
			files = (
				87AAB06225CB38D600C0DA28 /* Extension+UIImage.swift in Sources */,
				8791F45E25C84920006099D2 /* ReviewsViewController.swift in Sources */,
				87AAB06525CB42C200C0DA28 /* DateFormatterExtension.swift in Sources */,
				872D46A125CA1C4700446CC7 /* customSegmentedControl.swift in Sources */,
				8791F47525C89762006099D2 /* APIConstants.swift in Sources */,
				8791F45A25C84920006099D2 /* AppDelegate.swift in Sources */,
				8791F48D25C8E767006099D2 /* CriticsViewController.swift in Sources */,
				8791F47025C880ED006099D2 /* NetworkService.swift in Sources */,
				8791F48425C8D313006099D2 /* CriticManager.swift in Sources */,
				8791F45C25C84920006099D2 /* SceneDelegate.swift in Sources */,
				8791F47B25C8AF98006099D2 /* ReviewManager.swift in Sources */,
				872D46A425CA1E8800446CC7 /* ReviewCellTableViewCell.swift in Sources */,
				87AAB05F25CB156200C0DA28 /* ReviewerStorage.swift in Sources */,
				8791F48A25C8E716006099D2 /* MainViewController.swift in Sources */,
			);
			runOnlyForDeploymentPostprocessing = 0;
		};
/* End PBXSourcesBuildPhase section */

/* Begin PBXVariantGroup section */
		8791F45F25C84920006099D2 /* Main.storyboard */ = {
			isa = PBXVariantGroup;
			children = (
				8791F46025C84920006099D2 /* Base */,
			);
			name = Main.storyboard;
			sourceTree = "<group>";
		};
		8791F46425C84922006099D2 /* LaunchScreen.storyboard */ = {
			isa = PBXVariantGroup;
			children = (
				8791F46525C84922006099D2 /* Base */,
			);
			name = LaunchScreen.storyboard;
			sourceTree = "<group>";
		};
/* End PBXVariantGroup section */

/* Begin XCBuildConfiguration section */
		8791F46825C84922006099D2 /* Debug */ = {
			isa = XCBuildConfiguration;
			buildSettings = {
				ALWAYS_SEARCH_USER_PATHS = NO;
				CLANG_ANALYZER_NONNULL = YES;
				CLANG_ANALYZER_NUMBER_OBJECT_CONVERSION = YES_AGGRESSIVE;
				CLANG_CXX_LANGUAGE_STANDARD = "gnu++14";
				CLANG_CXX_LIBRARY = "libc++";
				CLANG_ENABLE_MODULES = YES;
				CLANG_ENABLE_OBJC_ARC = YES;
				CLANG_ENABLE_OBJC_WEAK = YES;
				CLANG_WARN_BLOCK_CAPTURE_AUTORELEASING = YES;
				CLANG_WARN_BOOL_CONVERSION = YES;
				CLANG_WARN_COMMA = YES;
				CLANG_WARN_CONSTANT_CONVERSION = YES;
				CLANG_WARN_DEPRECATED_OBJC_IMPLEMENTATIONS = YES;
				CLANG_WARN_DIRECT_OBJC_ISA_USAGE = YES_ERROR;
				CLANG_WARN_DOCUMENTATION_COMMENTS = YES;
				CLANG_WARN_EMPTY_BODY = YES;
				CLANG_WARN_ENUM_CONVERSION = YES;
				CLANG_WARN_INFINITE_RECURSION = YES;
				CLANG_WARN_INT_CONVERSION = YES;
				CLANG_WARN_NON_LITERAL_NULL_CONVERSION = YES;
				CLANG_WARN_OBJC_IMPLICIT_RETAIN_SELF = YES;
				CLANG_WARN_OBJC_LITERAL_CONVERSION = YES;
				CLANG_WARN_OBJC_ROOT_CLASS = YES_ERROR;
				CLANG_WARN_QUOTED_INCLUDE_IN_FRAMEWORK_HEADER = YES;
				CLANG_WARN_RANGE_LOOP_ANALYSIS = YES;
				CLANG_WARN_STRICT_PROTOTYPES = YES;
				CLANG_WARN_SUSPICIOUS_MOVE = YES;
				CLANG_WARN_UNGUARDED_AVAILABILITY = YES_AGGRESSIVE;
				CLANG_WARN_UNREACHABLE_CODE = YES;
				CLANG_WARN__DUPLICATE_METHOD_MATCH = YES;
				COPY_PHASE_STRIP = NO;
				DEBUG_INFORMATION_FORMAT = dwarf;
				ENABLE_STRICT_OBJC_MSGSEND = YES;
				ENABLE_TESTABILITY = YES;
				GCC_C_LANGUAGE_STANDARD = gnu11;
				GCC_DYNAMIC_NO_PIC = NO;
				GCC_NO_COMMON_BLOCKS = YES;
				GCC_OPTIMIZATION_LEVEL = 0;
				GCC_PREPROCESSOR_DEFINITIONS = (
					"DEBUG=1",
					"$(inherited)",
				);
				GCC_WARN_64_TO_32_BIT_CONVERSION = YES;
				GCC_WARN_ABOUT_RETURN_TYPE = YES_ERROR;
				GCC_WARN_UNDECLARED_SELECTOR = YES;
				GCC_WARN_UNINITIALIZED_AUTOS = YES_AGGRESSIVE;
				GCC_WARN_UNUSED_FUNCTION = YES;
				GCC_WARN_UNUSED_VARIABLE = YES;
				IPHONEOS_DEPLOYMENT_TARGET = 14.3;
				MTL_ENABLE_DEBUG_INFO = INCLUDE_SOURCE;
				MTL_FAST_MATH = YES;
				ONLY_ACTIVE_ARCH = YES;
				SDKROOT = iphoneos;
				SWIFT_ACTIVE_COMPILATION_CONDITIONS = DEBUG;
				SWIFT_OPTIMIZATION_LEVEL = "-Onone";
			};
			name = Debug;
		};
		8791F46925C84922006099D2 /* Release */ = {
			isa = XCBuildConfiguration;
			buildSettings = {
				ALWAYS_SEARCH_USER_PATHS = NO;
				CLANG_ANALYZER_NONNULL = YES;
				CLANG_ANALYZER_NUMBER_OBJECT_CONVERSION = YES_AGGRESSIVE;
				CLANG_CXX_LANGUAGE_STANDARD = "gnu++14";
				CLANG_CXX_LIBRARY = "libc++";
				CLANG_ENABLE_MODULES = YES;
				CLANG_ENABLE_OBJC_ARC = YES;
				CLANG_ENABLE_OBJC_WEAK = YES;
				CLANG_WARN_BLOCK_CAPTURE_AUTORELEASING = YES;
				CLANG_WARN_BOOL_CONVERSION = YES;
				CLANG_WARN_COMMA = YES;
				CLANG_WARN_CONSTANT_CONVERSION = YES;
				CLANG_WARN_DEPRECATED_OBJC_IMPLEMENTATIONS = YES;
				CLANG_WARN_DIRECT_OBJC_ISA_USAGE = YES_ERROR;
				CLANG_WARN_DOCUMENTATION_COMMENTS = YES;
				CLANG_WARN_EMPTY_BODY = YES;
				CLANG_WARN_ENUM_CONVERSION = YES;
				CLANG_WARN_INFINITE_RECURSION = YES;
				CLANG_WARN_INT_CONVERSION = YES;
				CLANG_WARN_NON_LITERAL_NULL_CONVERSION = YES;
				CLANG_WARN_OBJC_IMPLICIT_RETAIN_SELF = YES;
				CLANG_WARN_OBJC_LITERAL_CONVERSION = YES;
				CLANG_WARN_OBJC_ROOT_CLASS = YES_ERROR;
				CLANG_WARN_QUOTED_INCLUDE_IN_FRAMEWORK_HEADER = YES;
				CLANG_WARN_RANGE_LOOP_ANALYSIS = YES;
				CLANG_WARN_STRICT_PROTOTYPES = YES;
				CLANG_WARN_SUSPICIOUS_MOVE = YES;
				CLANG_WARN_UNGUARDED_AVAILABILITY = YES_AGGRESSIVE;
				CLANG_WARN_UNREACHABLE_CODE = YES;
				CLANG_WARN__DUPLICATE_METHOD_MATCH = YES;
				COPY_PHASE_STRIP = NO;
				DEBUG_INFORMATION_FORMAT = "dwarf-with-dsym";
				ENABLE_NS_ASSERTIONS = NO;
				ENABLE_STRICT_OBJC_MSGSEND = YES;
				GCC_C_LANGUAGE_STANDARD = gnu11;
				GCC_NO_COMMON_BLOCKS = YES;
				GCC_WARN_64_TO_32_BIT_CONVERSION = YES;
				GCC_WARN_ABOUT_RETURN_TYPE = YES_ERROR;
				GCC_WARN_UNDECLARED_SELECTOR = YES;
				GCC_WARN_UNINITIALIZED_AUTOS = YES_AGGRESSIVE;
				GCC_WARN_UNUSED_FUNCTION = YES;
				GCC_WARN_UNUSED_VARIABLE = YES;
				IPHONEOS_DEPLOYMENT_TARGET = 14.3;
				MTL_ENABLE_DEBUG_INFO = NO;
				MTL_FAST_MATH = YES;
				SDKROOT = iphoneos;
				SWIFT_COMPILATION_MODE = wholemodule;
				SWIFT_OPTIMIZATION_LEVEL = "-O";
				VALIDATE_PRODUCT = YES;
			};
			name = Release;
		};
		8791F46B25C84922006099D2 /* Debug */ = {
			isa = XCBuildConfiguration;
			buildSettings = {
				ASSETCATALOG_COMPILER_APPICON_NAME = AppIcon;
				ASSETCATALOG_COMPILER_GLOBAL_ACCENT_COLOR_NAME = AccentColor;
				CODE_SIGN_STYLE = Automatic;
				INFOPLIST_FILE = LMCTest/Info.plist;
				IPHONEOS_DEPLOYMENT_TARGET = 13.0;
				LD_RUNPATH_SEARCH_PATHS = (
					"$(inherited)",
					"@executable_path/Frameworks",
				);
				PRODUCT_BUNDLE_IDENTIFIER = ogre.LMCTest;
				PRODUCT_NAME = "$(TARGET_NAME)";
				SWIFT_VERSION = 5.0;
				TARGETED_DEVICE_FAMILY = "1,2";
			};
			name = Debug;
		};
		8791F46C25C84922006099D2 /* Release */ = {
			isa = XCBuildConfiguration;
			buildSettings = {
				ASSETCATALOG_COMPILER_APPICON_NAME = AppIcon;
				ASSETCATALOG_COMPILER_GLOBAL_ACCENT_COLOR_NAME = AccentColor;
				CODE_SIGN_STYLE = Automatic;
				INFOPLIST_FILE = LMCTest/Info.plist;
				IPHONEOS_DEPLOYMENT_TARGET = 13.0;
				LD_RUNPATH_SEARCH_PATHS = (
					"$(inherited)",
					"@executable_path/Frameworks",
				);
				PRODUCT_BUNDLE_IDENTIFIER = ogre.LMCTest;
				PRODUCT_NAME = "$(TARGET_NAME)";
				SWIFT_VERSION = 5.0;
				TARGETED_DEVICE_FAMILY = "1,2";
			};
			name = Release;
		};
/* End XCBuildConfiguration section */

/* Begin XCConfigurationList section */
		8791F45125C84920006099D2 /* Build configuration list for PBXProject "LMCTest" */ = {
			isa = XCConfigurationList;
			buildConfigurations = (
				8791F46825C84922006099D2 /* Debug */,
				8791F46925C84922006099D2 /* Release */,
			);
			defaultConfigurationIsVisible = 0;
			defaultConfigurationName = Release;
		};
		8791F46A25C84922006099D2 /* Build configuration list for PBXNativeTarget "LMCTest" */ = {
			isa = XCConfigurationList;
			buildConfigurations = (
				8791F46B25C84922006099D2 /* Debug */,
				8791F46C25C84922006099D2 /* Release */,
			);
			defaultConfigurationIsVisible = 0;
			defaultConfigurationName = Release;
		};
/* End XCConfigurationList section */
	};
	rootObject = 8791F44E25C84920006099D2 /* Project object */;
}
